
Microsoft Visual Studio Solution File, Format Version 12.00
# Visual Studio Version 16
VisualStudioVersion = 16.0.30320.27
MinimumVisualStudioVersion = 10.0.40219.1
Project("{FAE04EC0-301F-11D3-BF4B-00C04F79EFBC}") = "RobotsVsDinosaurs", "RobotsVsDinosaurs.csproj", "{45B0E624-57DA-4F42-B21A-163D4645042C}"
EndProject
Global
	GlobalSection(SolutionConfigurationPlatforms) = preSolution
		Debug|Any CPU = Debug|Any CPU
		Release|Any CPU = Release|Any CPU
	EndGlobalSection
	GlobalSection(ProjectConfigurationPlatforms) = postSolution
		{45B0E624-57DA-4F42-B21A-163D4645042C}.Debug|Any CPU.ActiveCfg = Debug|Any CPU
		{45B0E624-57DA-4F42-B21A-163D4645042C}.Debug|Any CPU.Build.0 = Debug|Any CPU
		{45B0E624-57DA-4F42-B21A-163D4645042C}.Release|Any CPU.ActiveCfg = Release|Any CPU
		{45B0E624-57DA-4F42-B21A-163D4645042C}.Release|Any CPU.Build.0 = Release|Any CPU
	EndGlobalSection
	GlobalSection(SolutionProperties) = preSolution
		HideSolutionNode = FALSE
	EndGlobalSection
	GlobalSection(ExtensibilityGlobals) = postSolution
		SolutionGuid = {A67B60BD-428F-460C-B439-5ADDBF6EBB72}
	EndGlobalSection
EndGlobal
